
Microsoft Visual Studio Solution File, Format Version 12.00
Project("{2150E333-8FDC-42A3-9474-1A3956D46DE8}") = "src", "src", "{C850A62B-BD49-47A6-8DC7-9026CCB2640B}"
EndProject
Project("{2150E333-8FDC-42A3-9474-1A3956D46DE8}") = "Services", "Services", "{7767572C-0E7D-4F45-90FA-B4411350E6AF}"
EndProject
Project("{2150E333-8FDC-42A3-9474-1A3956D46DE8}") = "Identity", "Identity", "{FC8955B1-3ACB-4F8D-B326-C6D7B42E4C07}"
EndProject
Project("{FAE04EC0-301F-11D3-BF4B-00C04F79EFBC}") = "Identity.API", "Identity.API\Identity.API.csproj", "{4B02FA57-E36A-4074-BCDD-FC0EC001A87E}"
EndProject
Project("{2150E333-8FDC-42A3-9474-1A3956D46DE8}") = "Book", "Book", "{D031176A-6B42-4BFD-8695-39C2CAEA0EEB}"
EndProject
Project("{FAE04EC0-301F-11D3-BF4B-00C04F79EFBC}") = "Book.API", "Book.API\Book.API.csproj", "{B887AE12-1E62-4207-B4F0-71EB5BD9182B}"
EndProject
Project("{2150E333-8FDC-42A3-9474-1A3956D46DE8}") = "Search", "Search", "{C0B612FD-6721-4F63-8864-2B66CEE98859}"
EndProject
Project("{FAE04EC0-301F-11D3-BF4B-00C04F79EFBC}") = "Search.API", "Search.API\Search.API.csproj", "{AD453B47-46A7-423C-B5AC-36EDA1A377A2}"
EndProject
Global
	GlobalSection(SolutionConfigurationPlatforms) = preSolution
		Debug|Any CPU = Debug|Any CPU
		Release|Any CPU = Release|Any CPU
	EndGlobalSection
	GlobalSection(NestedProjects) = preSolution
		{7767572C-0E7D-4F45-90FA-B4411350E6AF} = {C850A62B-BD49-47A6-8DC7-9026CCB2640B}
		{FC8955B1-3ACB-4F8D-B326-C6D7B42E4C07} = {7767572C-0E7D-4F45-90FA-B4411350E6AF}
		{4B02FA57-E36A-4074-BCDD-FC0EC001A87E} = {FC8955B1-3ACB-4F8D-B326-C6D7B42E4C07}
		{D031176A-6B42-4BFD-8695-39C2CAEA0EEB} = {7767572C-0E7D-4F45-90FA-B4411350E6AF}
		{B887AE12-1E62-4207-B4F0-71EB5BD9182B} = {D031176A-6B42-4BFD-8695-39C2CAEA0EEB}
		{C0B612FD-6721-4F63-8864-2B66CEE98859} = {7767572C-0E7D-4F45-90FA-B4411350E6AF}
		{AD453B47-46A7-423C-B5AC-36EDA1A377A2} = {C0B612FD-6721-4F63-8864-2B66CEE98859}
	EndGlobalSection
	GlobalSection(ProjectConfigurationPlatforms) = postSolution
		{4B02FA57-E36A-4074-BCDD-FC0EC001A87E}.Debug|Any CPU.ActiveCfg = Debug|Any CPU
		{4B02FA57-E36A-4074-BCDD-FC0EC001A87E}.Debug|Any CPU.Build.0 = Debug|Any CPU
		{4B02FA57-E36A-4074-BCDD-FC0EC001A87E}.Release|Any CPU.ActiveCfg = Release|Any CPU
		{4B02FA57-E36A-4074-BCDD-FC0EC001A87E}.Release|Any CPU.Build.0 = Release|Any CPU
		{B887AE12-1E62-4207-B4F0-71EB5BD9182B}.Debug|Any CPU.ActiveCfg = Debug|Any CPU
		{B887AE12-1E62-4207-B4F0-71EB5BD9182B}.Debug|Any CPU.Build.0 = Debug|Any CPU
		{B887AE12-1E62-4207-B4F0-71EB5BD9182B}.Release|Any CPU.ActiveCfg = Release|Any CPU
		{B887AE12-1E62-4207-B4F0-71EB5BD9182B}.Release|Any CPU.Build.0 = Release|Any CPU
		{AD453B47-46A7-423C-B5AC-36EDA1A377A2}.Debug|Any CPU.ActiveCfg = Debug|Any CPU
		{AD453B47-46A7-423C-B5AC-36EDA1A377A2}.Debug|Any CPU.Build.0 = Debug|Any CPU
		{AD453B47-46A7-423C-B5AC-36EDA1A377A2}.Release|Any CPU.ActiveCfg = Release|Any CPU
		{AD453B47-46A7-423C-B5AC-36EDA1A377A2}.Release|Any CPU.Build.0 = Release|Any CPU
	EndGlobalSection
EndGlobal
