
Microsoft Visual Studio Solution File, Format Version 12.00
Project("{2150E333-8FDC-42A3-9474-1A3956D46DE8}") = "src", "src", "{B067BE3B-0F05-4F45-A21B-FA86E9B291D3}"
EndProject
Project("{2150E333-8FDC-42A3-9474-1A3956D46DE8}") = "BuildingBlocks", "BuildingBlocks", "{9F8C7766-8C60-4AE4-AE9B-F8B67337465C}"
EndProject
Project("{2150E333-8FDC-42A3-9474-1A3956D46DE8}") = "Services", "Services", "{3D016E83-0A44-426B-AA3B-2FF4F020EAB9}"
EndProject
Project("{2150E333-8FDC-42A3-9474-1A3956D46DE8}") = "Book", "Book", "{C323AD49-7EF4-4F77-9551-63C9774D8478}"
EndProject
Project("{2150E333-8FDC-42A3-9474-1A3956D46DE8}") = "Search", "Search", "{C6C0004B-9D23-424F-B114-3B950F393346}"
EndProject
Project("{2150E333-8FDC-42A3-9474-1A3956D46DE8}") = "Identity", "Identity", "{5913F659-7B89-4290-952C-6F24C4B327CD}"
EndProject
Project("{FAE04EC0-301F-11D3-BF4B-00C04F79EFBC}") = "EventBus.Messages", "BuildingBlocks\EventBus.Messages\EventBus.Messages.csproj", "{AAB31AC5-3B6A-4D71-B47D-4DC4EE7D67F5}"
EndProject
Project("{FAE04EC0-301F-11D3-BF4B-00C04F79EFBC}") = "Book.API", "Services\Book\Book.API\Book.API.csproj", "{71530157-720A-49EA-9D84-F3DFBE120A7B}"
EndProject
Project("{FAE04EC0-301F-11D3-BF4B-00C04F79EFBC}") = "Identity.API", "Services\Identity\Identity.API\Identity.API.csproj", "{0C90DAA4-5C16-4986-809C-D0C54FAA5FD0}"
EndProject
Project("{FAE04EC0-301F-11D3-BF4B-00C04F79EFBC}") = "Search.API", "Services\Search\Search.API\Search.API.csproj", "{90BBD060-C4BD-4DA6-8DE9-C61F781D68E9}"
EndProject
Global
	GlobalSection(SolutionConfigurationPlatforms) = preSolution
		Debug|Any CPU = Debug|Any CPU
		Release|Any CPU = Release|Any CPU
	EndGlobalSection
	GlobalSection(NestedProjects) = preSolution
		{9F8C7766-8C60-4AE4-AE9B-F8B67337465C} = {B067BE3B-0F05-4F45-A21B-FA86E9B291D3}
		{3D016E83-0A44-426B-AA3B-2FF4F020EAB9} = {B067BE3B-0F05-4F45-A21B-FA86E9B291D3}
		{C323AD49-7EF4-4F77-9551-63C9774D8478} = {3D016E83-0A44-426B-AA3B-2FF4F020EAB9}
		{C6C0004B-9D23-424F-B114-3B950F393346} = {3D016E83-0A44-426B-AA3B-2FF4F020EAB9}
		{5913F659-7B89-4290-952C-6F24C4B327CD} = {3D016E83-0A44-426B-AA3B-2FF4F020EAB9}
		{AAB31AC5-3B6A-4D71-B47D-4DC4EE7D67F5} = {9F8C7766-8C60-4AE4-AE9B-F8B67337465C}
		{71530157-720A-49EA-9D84-F3DFBE120A7B} = {C323AD49-7EF4-4F77-9551-63C9774D8478}
		{0C90DAA4-5C16-4986-809C-D0C54FAA5FD0} = {5913F659-7B89-4290-952C-6F24C4B327CD}
		{90BBD060-C4BD-4DA6-8DE9-C61F781D68E9} = {C6C0004B-9D23-424F-B114-3B950F393346}
	EndGlobalSection
	GlobalSection(ProjectConfigurationPlatforms) = postSolution
		{AAB31AC5-3B6A-4D71-B47D-4DC4EE7D67F5}.Debug|Any CPU.ActiveCfg = Debug|Any CPU
		{AAB31AC5-3B6A-4D71-B47D-4DC4EE7D67F5}.Debug|Any CPU.Build.0 = Debug|Any CPU
		{AAB31AC5-3B6A-4D71-B47D-4DC4EE7D67F5}.Release|Any CPU.ActiveCfg = Release|Any CPU
		{AAB31AC5-3B6A-4D71-B47D-4DC4EE7D67F5}.Release|Any CPU.Build.0 = Release|Any CPU
		{71530157-720A-49EA-9D84-F3DFBE120A7B}.Debug|Any CPU.ActiveCfg = Debug|Any CPU
		{71530157-720A-49EA-9D84-F3DFBE120A7B}.Debug|Any CPU.Build.0 = Debug|Any CPU
		{71530157-720A-49EA-9D84-F3DFBE120A7B}.Release|Any CPU.ActiveCfg = Release|Any CPU
		{71530157-720A-49EA-9D84-F3DFBE120A7B}.Release|Any CPU.Build.0 = Release|Any CPU
		{0C90DAA4-5C16-4986-809C-D0C54FAA5FD0}.Debug|Any CPU.ActiveCfg = Debug|Any CPU
		{0C90DAA4-5C16-4986-809C-D0C54FAA5FD0}.Debug|Any CPU.Build.0 = Debug|Any CPU
		{0C90DAA4-5C16-4986-809C-D0C54FAA5FD0}.Release|Any CPU.ActiveCfg = Release|Any CPU
		{0C90DAA4-5C16-4986-809C-D0C54FAA5FD0}.Release|Any CPU.Build.0 = Release|Any CPU
		{90BBD060-C4BD-4DA6-8DE9-C61F781D68E9}.Debug|Any CPU.ActiveCfg = Debug|Any CPU
		{90BBD060-C4BD-4DA6-8DE9-C61F781D68E9}.Debug|Any CPU.Build.0 = Debug|Any CPU
		{90BBD060-C4BD-4DA6-8DE9-C61F781D68E9}.Release|Any CPU.ActiveCfg = Release|Any CPU
		{90BBD060-C4BD-4DA6-8DE9-C61F781D68E9}.Release|Any CPU.Build.0 = Release|Any CPU
	EndGlobalSection
EndGlobal
